
Microsoft Visual Studio Solution File, Format Version 12.00
# Visual Studio Version 16
VisualStudioVersion = 16.0.30711.63
MinimumVisualStudioVersion = 10.0.40219.1
Project("{9A19103F-16F7-4668-BE54-9A1E7A4F7556}") = "Dot6502", "Dot6502.csproj", "{B2F79215-D3A4-4EEE-BFDC-2AED78BBE116}"
EndProject
Project("{FAE04EC0-301F-11D3-BF4B-00C04F79EFBC}") = "Dot6502MiniConsole", "..\Dot6502MiniConsole\Dot6502MiniConsole.csproj", "{979CD7C9-373A-4E65-A3AD-EDC266E4FA53}"
EndProject
Global
	GlobalSection(SolutionConfigurationPlatforms) = preSolution
		Debug|Any CPU = Debug|Any CPU
		Release|Any CPU = Release|Any CPU
	EndGlobalSection
	GlobalSection(ProjectConfigurationPlatforms) = postSolution
		{B2F79215-D3A4-4EEE-BFDC-2AED78BBE116}.Debug|Any CPU.ActiveCfg = Debug|Any CPU
		{B2F79215-D3A4-4EEE-BFDC-2AED78BBE116}.Debug|Any CPU.Build.0 = Debug|Any CPU
		{B2F79215-D3A4-4EEE-BFDC-2AED78BBE116}.Release|Any CPU.ActiveCfg = Release|Any CPU
		{B2F79215-D3A4-4EEE-BFDC-2AED78BBE116}.Release|Any CPU.Build.0 = Release|Any CPU
		{979CD7C9-373A-4E65-A3AD-EDC266E4FA53}.Debug|Any CPU.ActiveCfg = Debug|Any CPU
		{979CD7C9-373A-4E65-A3AD-EDC266E4FA53}.Debug|Any CPU.Build.0 = Debug|Any CPU
		{979CD7C9-373A-4E65-A3AD-EDC266E4FA53}.Release|Any CPU.ActiveCfg = Release|Any CPU
		{979CD7C9-373A-4E65-A3AD-EDC266E4FA53}.Release|Any CPU.Build.0 = Release|Any CPU
	EndGlobalSection
	GlobalSection(SolutionProperties) = preSolution
		HideSolutionNode = FALSE
	EndGlobalSection
	GlobalSection(ExtensibilityGlobals) = postSolution
		SolutionGuid = {39CD7BF4-66C8-4CF0-A92A-17B097F8EB76}
	EndGlobalSection
EndGlobal
